
Microsoft Visual Studio Solution File, Format Version 12.00
# Visual Studio Version 17
VisualStudioVersion = 17.14.36518.9
MinimumVisualStudioVersion = 10.0.40219.1
Project("{FAE04EC0-301F-11D3-BF4B-00C04F79EFBC}") = "PowerGrid.Core", "PowerGrid.Core\PowerGrid.Core.csproj", "{4EC488A0-6BB9-4508-ACE5-3055FD8928A7}"
EndProject
Project("{FAE04EC0-301F-11D3-BF4B-00C04F79EFBC}") = "PowerGrid.Core.UnitTests", "PowerGrid.Core.UnitTests\PowerGrid.Core.UnitTests.csproj", "{0474F029-0DA4-4E2D-BC18-18E656BA2933}"
EndProject
Project("{FAE04EC0-301F-11D3-BF4B-00C04F79EFBC}") = "PowerGrid.Persistence", "PowerGrid.Persistence\PowerGrid.Persistence.csproj", "{ABE50B10-31FD-4E0B-850F-3392EE73216A}"
EndProject
Project("{FAE04EC0-301F-11D3-BF4B-00C04F79EFBC}") = "PowerGrid.Persistence.SqlServer", "PowerGrid.Persistence.SqlServer\PowerGrid.Persistence.SqlServer.csproj", "{DB37A3AD-F239-43AD-98DB-D06EAA86B3F9}"
EndProject
Project("{FAE04EC0-301F-11D3-BF4B-00C04F79EFBC}") = "PowerGrid.Grids", "PowerGrid.Grids\PowerGrid.Grids.csproj", "{E351E1AE-C721-4179-BF2A-0BDA427A694A}"
EndProject
Project("{FAE04EC0-301F-11D3-BF4B-00C04F79EFBC}") = "PowerGrid.Grids.UnitTests", "PowerGrid.Grids.UnitTests\PowerGrid.Grids.UnitTests.csproj", "{46B40751-1E4C-4D69-B7A7-8D5F606B5680}"
EndProject
Project("{FAE04EC0-301F-11D3-BF4B-00C04F79EFBC}") = "PowerGrid.Persistence.UnitTests", "PowerGrid.Persistence.UnitTests\PowerGrid.Persistence.UnitTests.csproj", "{FCF22E57-1F40-492A-B4AC-87928A51D1E7}"
EndProject
Project("{FAE04EC0-301F-11D3-BF4B-00C04F79EFBC}") = "PowerGrid.TestHarness", "PowerGrid.TestHarness\PowerGrid.TestHarness.csproj", "{9DBBA009-518D-40AF-B5E9-A8ACF752D663}"
EndProject
Project("{FAE04EC0-301F-11D3-BF4B-00C04F79EFBC}") = "PowerGrid.Persistence.SqlServer.UnitTests", "PowerGrid.Persistence.SqlServer.UnitTests\PowerGrid.Persistence.SqlServer.UnitTests.csproj", "{23D2131A-91DB-4599-BF6E-6183F3C1AA76}"
EndProject
Project("{FAE04EC0-301F-11D3-BF4B-00C04F79EFBC}") = "PowerGrid.Hosting.Rest", "PowerGrid.Hosting.Rest\PowerGrid.Hosting.Rest.csproj", "{074DB4E4-286B-437A-B43B-EC9960968596}"
EndProject
Global
	GlobalSection(SolutionConfigurationPlatforms) = preSolution
		Debug|Any CPU = Debug|Any CPU
		Release|Any CPU = Release|Any CPU
	EndGlobalSection
	GlobalSection(ProjectConfigurationPlatforms) = postSolution
		{4EC488A0-6BB9-4508-ACE5-3055FD8928A7}.Debug|Any CPU.ActiveCfg = Debug|Any CPU
		{4EC488A0-6BB9-4508-ACE5-3055FD8928A7}.Debug|Any CPU.Build.0 = Debug|Any CPU
		{4EC488A0-6BB9-4508-ACE5-3055FD8928A7}.Release|Any CPU.ActiveCfg = Release|Any CPU
		{4EC488A0-6BB9-4508-ACE5-3055FD8928A7}.Release|Any CPU.Build.0 = Release|Any CPU
		{0474F029-0DA4-4E2D-BC18-18E656BA2933}.Debug|Any CPU.ActiveCfg = Debug|Any CPU
		{0474F029-0DA4-4E2D-BC18-18E656BA2933}.Debug|Any CPU.Build.0 = Debug|Any CPU
		{0474F029-0DA4-4E2D-BC18-18E656BA2933}.Release|Any CPU.ActiveCfg = Release|Any CPU
		{0474F029-0DA4-4E2D-BC18-18E656BA2933}.Release|Any CPU.Build.0 = Release|Any CPU
		{ABE50B10-31FD-4E0B-850F-3392EE73216A}.Debug|Any CPU.ActiveCfg = Debug|Any CPU
		{ABE50B10-31FD-4E0B-850F-3392EE73216A}.Debug|Any CPU.Build.0 = Debug|Any CPU
		{ABE50B10-31FD-4E0B-850F-3392EE73216A}.Release|Any CPU.ActiveCfg = Release|Any CPU
		{ABE50B10-31FD-4E0B-850F-3392EE73216A}.Release|Any CPU.Build.0 = Release|Any CPU
		{DB37A3AD-F239-43AD-98DB-D06EAA86B3F9}.Debug|Any CPU.ActiveCfg = Debug|Any CPU
		{DB37A3AD-F239-43AD-98DB-D06EAA86B3F9}.Debug|Any CPU.Build.0 = Debug|Any CPU
		{DB37A3AD-F239-43AD-98DB-D06EAA86B3F9}.Release|Any CPU.ActiveCfg = Release|Any CPU
		{DB37A3AD-F239-43AD-98DB-D06EAA86B3F9}.Release|Any CPU.Build.0 = Release|Any CPU
		{E351E1AE-C721-4179-BF2A-0BDA427A694A}.Debug|Any CPU.ActiveCfg = Debug|Any CPU
		{E351E1AE-C721-4179-BF2A-0BDA427A694A}.Debug|Any CPU.Build.0 = Debug|Any CPU
		{E351E1AE-C721-4179-BF2A-0BDA427A694A}.Release|Any CPU.ActiveCfg = Release|Any CPU
		{E351E1AE-C721-4179-BF2A-0BDA427A694A}.Release|Any CPU.Build.0 = Release|Any CPU
		{46B40751-1E4C-4D69-B7A7-8D5F606B5680}.Debug|Any CPU.ActiveCfg = Debug|Any CPU
		{46B40751-1E4C-4D69-B7A7-8D5F606B5680}.Debug|Any CPU.Build.0 = Debug|Any CPU
		{46B40751-1E4C-4D69-B7A7-8D5F606B5680}.Release|Any CPU.ActiveCfg = Release|Any CPU
		{46B40751-1E4C-4D69-B7A7-8D5F606B5680}.Release|Any CPU.Build.0 = Release|Any CPU
		{FCF22E57-1F40-492A-B4AC-87928A51D1E7}.Debug|Any CPU.ActiveCfg = Debug|Any CPU
		{FCF22E57-1F40-492A-B4AC-87928A51D1E7}.Debug|Any CPU.Build.0 = Debug|Any CPU
		{FCF22E57-1F40-492A-B4AC-87928A51D1E7}.Release|Any CPU.ActiveCfg = Release|Any CPU
		{FCF22E57-1F40-492A-B4AC-87928A51D1E7}.Release|Any CPU.Build.0 = Release|Any CPU
		{9DBBA009-518D-40AF-B5E9-A8ACF752D663}.Debug|Any CPU.ActiveCfg = Debug|Any CPU
		{9DBBA009-518D-40AF-B5E9-A8ACF752D663}.Debug|Any CPU.Build.0 = Debug|Any CPU
		{9DBBA009-518D-40AF-B5E9-A8ACF752D663}.Release|Any CPU.ActiveCfg = Release|Any CPU
		{9DBBA009-518D-40AF-B5E9-A8ACF752D663}.Release|Any CPU.Build.0 = Release|Any CPU
		{23D2131A-91DB-4599-BF6E-6183F3C1AA76}.Debug|Any CPU.ActiveCfg = Debug|Any CPU
		{23D2131A-91DB-4599-BF6E-6183F3C1AA76}.Debug|Any CPU.Build.0 = Debug|Any CPU
		{23D2131A-91DB-4599-BF6E-6183F3C1AA76}.Release|Any CPU.ActiveCfg = Release|Any CPU
		{23D2131A-91DB-4599-BF6E-6183F3C1AA76}.Release|Any CPU.Build.0 = Release|Any CPU
		{074DB4E4-286B-437A-B43B-EC9960968596}.Debug|Any CPU.ActiveCfg = Debug|Any CPU
		{074DB4E4-286B-437A-B43B-EC9960968596}.Debug|Any CPU.Build.0 = Debug|Any CPU
		{074DB4E4-286B-437A-B43B-EC9960968596}.Release|Any CPU.ActiveCfg = Release|Any CPU
		{074DB4E4-286B-437A-B43B-EC9960968596}.Release|Any CPU.Build.0 = Release|Any CPU
	EndGlobalSection
	GlobalSection(SolutionProperties) = preSolution
		HideSolutionNode = FALSE
	EndGlobalSection
	GlobalSection(ExtensibilityGlobals) = postSolution
		SolutionGuid = {6C6D354F-92BB-4BFF-B358-169F07E78F03}
	EndGlobalSection
EndGlobal
